# THIS IS AN AUTOGENERATED FILE. DO NOT EDIT THIS FILE DIRECTLY.
# yarn lockfile v1


fs-nextra@^0.5.1:
  version "0.5.1"
  resolved "https://registry.yarnpkg.com/fs-nextra/-/fs-nextra-0.5.1.tgz#acf8bd3785a46a30573d3be768e158652191fafc"
  integrity sha512-93pi+T9yVoiUduWeLCkxgnSHWiJoplFdINdUZtNhH//DCoW7/Ee3St/NjVIdkc0UuCeU9+WVWHK+AX2JmRIMBw==
